
Microsoft Visual Studio Solution File, Format Version 12.00
# Visual Studio Version 17
VisualStudioVersion = 17.9.34902.65
MinimumVisualStudioVersion = 10.0.40219.1
Project("{FAE04EC0-301F-11D3-BF4B-00C04F79EFBC}") = "WMTS_LocalMap.Server", "WMTS_LocalMap.Server\WMTS_LocalMap.Server.csproj", "{71BA1F74-138E-4A8D-A623-072C569D4B84}"
EndProject
Project("{54A90642-561A-4BB1-A94E-469ADEE60C69}") = "wmts_localmap.client", "wmts_localmap.client\wmts_localmap.client.esproj", "{C9B39B69-B390-4B5D-B83A-CCAC266B710B}"
EndProject
Global
	GlobalSection(SolutionConfigurationPlatforms) = preSolution
		Debug|Any CPU = Debug|Any CPU
		Release|Any CPU = Release|Any CPU
	EndGlobalSection
	GlobalSection(ProjectConfigurationPlatforms) = postSolution
		{71BA1F74-138E-4A8D-A623-072C569D4B84}.Debug|Any CPU.ActiveCfg = Debug|Any CPU
		{71BA1F74-138E-4A8D-A623-072C569D4B84}.Debug|Any CPU.Build.0 = Debug|Any CPU
		{71BA1F74-138E-4A8D-A623-072C569D4B84}.Release|Any CPU.ActiveCfg = Release|Any CPU
		{71BA1F74-138E-4A8D-A623-072C569D4B84}.Release|Any CPU.Build.0 = Release|Any CPU
		{C9B39B69-B390-4B5D-B83A-CCAC266B710B}.Debug|Any CPU.ActiveCfg = Debug|Any CPU
		{C9B39B69-B390-4B5D-B83A-CCAC266B710B}.Debug|Any CPU.Build.0 = Debug|Any CPU
		{C9B39B69-B390-4B5D-B83A-CCAC266B710B}.Debug|Any CPU.Deploy.0 = Debug|Any CPU
		{C9B39B69-B390-4B5D-B83A-CCAC266B710B}.Release|Any CPU.ActiveCfg = Release|Any CPU
		{C9B39B69-B390-4B5D-B83A-CCAC266B710B}.Release|Any CPU.Build.0 = Release|Any CPU
		{C9B39B69-B390-4B5D-B83A-CCAC266B710B}.Release|Any CPU.Deploy.0 = Release|Any CPU
	EndGlobalSection
	GlobalSection(SolutionProperties) = preSolution
		HideSolutionNode = FALSE
	EndGlobalSection
	GlobalSection(ExtensibilityGlobals) = postSolution
		SolutionGuid = {9E943083-9C87-4FF4-9D42-2EFC7A882DAA}
	EndGlobalSection
EndGlobal
